{
    "_readme": [
        "This file locks the dependencies of your project to a known state",
        "Read more about it at https://getcomposer.org/doc/01-basic-usage.md#installing-dependencies",
        "This file is @generated automatically"
    ],
    "content-hash": "58b1b39460d5c4a2c95bcf363b4713ed",
    "packages": [
        {
            "name": "wonderpayment/sdk",
            "version": "dev-main",
            "source": {
                "type": "git",
                "url": "https://github.com/wonderpayment/payment-sdk-php.git",
                "reference": "b6380816e72aa165cf876014b13155b32e8523a5"
            },
            "dist": {
                "type": "zip",
                "url": "https://api.github.com/repos/wonderpayment/payment-sdk-php/zipball/b6380816e72aa165cf876014b13155b32e8523a5",
                "reference": "b6380816e72aa165cf876014b13155b32e8523a5",
                "shasum": ""
            },
            "require": {
                "ext-curl": "*",
                "ext-json": "*",
                "ext-openssl": "*",
                "php": "^5.6 || ^7.4 || ^8.0"
            },
            "default-branch": true,
            "type": "library",
            "autoload": {
                "psr-4": {
                    "WonderPayment\\": "src/"
                },
                "files": [
                    "src/PaymentSDK.php"
                ],
                "classmap": [
                    "src/"
                ]
            },
            "license": [
                "MIT"
            ],
            "authors": [
                {
                    "name": "Support",
                    "email": "support@wonder.app"
                }
            ],
            "description": "Core wonder payment SDK",
            "support": {
                "source": "https://github.com/wonderpayment/payment-sdk-php/tree/main",
                "issues": "https://github.com/wonderpayment/payment-sdk-php/issues"
            },
            "time": "2025-12-29T06:02:17+00:00"
        }
    ],
    "packages-dev": [],
    "aliases": [],
    "minimum-stability": "stable",
    "stability-flags": {
        "wonderpayment/sdk": 20
    },
    "prefer-stable": false,
    "prefer-lowest": false,
    "platform": {},
    "platform-dev": {},
    "plugin-api-version": "2.9.0"
}
